
Microsoft Visual Studio Solution File, Format Version 12.00
# Visual Studio Version 17
VisualStudioVersion = 17.13.35931.197 d17.13
MinimumVisualStudioVersion = 10.0.40219.1
Project("{FAE04EC0-301F-11D3-BF4B-00C04F79EFBC}") = "CezihECDSa", "CezihECDSa\CezihECDSa.csproj", "{A8095BB1-5076-45C4-A400-F2CD263F7B8D}"
EndProject
Project("{FAE04EC0-301F-11D3-BF4B-00C04F79EFBC}") = "ECDSa", "ECDSa\ECDSa.csproj", "{D6671F1E-4CCC-42B8-8CE3-C24DB5B821B0}"
EndProject
Global
	GlobalSection(SolutionConfigurationPlatforms) = preSolution
		Debug|Any CPU = Debug|Any CPU
		Release|Any CPU = Release|Any CPU
	EndGlobalSection
	GlobalSection(ProjectConfigurationPlatforms) = postSolution
		{A8095BB1-5076-45C4-A400-F2CD263F7B8D}.Debug|Any CPU.ActiveCfg = Debug|Any CPU
		{A8095BB1-5076-45C4-A400-F2CD263F7B8D}.Debug|Any CPU.Build.0 = Debug|Any CPU
		{A8095BB1-5076-45C4-A400-F2CD263F7B8D}.Release|Any CPU.ActiveCfg = Release|Any CPU
		{A8095BB1-5076-45C4-A400-F2CD263F7B8D}.Release|Any CPU.Build.0 = Release|Any CPU
		{D6671F1E-4CCC-42B8-8CE3-C24DB5B821B0}.Debug|Any CPU.ActiveCfg = Debug|Any CPU
		{D6671F1E-4CCC-42B8-8CE3-C24DB5B821B0}.Debug|Any CPU.Build.0 = Debug|Any CPU
		{D6671F1E-4CCC-42B8-8CE3-C24DB5B821B0}.Release|Any CPU.ActiveCfg = Release|Any CPU
		{D6671F1E-4CCC-42B8-8CE3-C24DB5B821B0}.Release|Any CPU.Build.0 = Release|Any CPU
	EndGlobalSection
	GlobalSection(SolutionProperties) = preSolution
		HideSolutionNode = FALSE
	EndGlobalSection
	GlobalSection(ExtensibilityGlobals) = postSolution
		SolutionGuid = {1B979FDE-C2F2-4B3F-A043-E25A43A4D2B3}
	EndGlobalSection
EndGlobal
